
Microsoft Visual Studio Solution File, Format Version 12.00
# Visual Studio Version 17
VisualStudioVersion = 17.7.34221.43
MinimumVisualStudioVersion = 10.0.40219.1
Project("{FAE04EC0-301F-11D3-BF4B-00C04F79EFBC}") = "CS408_Project_Server", "CS408_Project_Server\CS408_Project_Server.csproj", "{259C7A29-E9A9-450B-ACAF-C52CE57E5360}"
EndProject
Global
	GlobalSection(SolutionConfigurationPlatforms) = preSolution
		Debug|Any CPU = Debug|Any CPU
		Release|Any CPU = Release|Any CPU
	EndGlobalSection
	GlobalSection(ProjectConfigurationPlatforms) = postSolution
		{259C7A29-E9A9-450B-ACAF-C52CE57E5360}.Debug|Any CPU.ActiveCfg = Debug|Any CPU
		{259C7A29-E9A9-450B-ACAF-C52CE57E5360}.Debug|Any CPU.Build.0 = Debug|Any CPU
		{259C7A29-E9A9-450B-ACAF-C52CE57E5360}.Release|Any CPU.ActiveCfg = Release|Any CPU
		{259C7A29-E9A9-450B-ACAF-C52CE57E5360}.Release|Any CPU.Build.0 = Release|Any CPU
	EndGlobalSection
	GlobalSection(SolutionProperties) = preSolution
		HideSolutionNode = FALSE
	EndGlobalSection
	GlobalSection(ExtensibilityGlobals) = postSolution
		SolutionGuid = {6E9CFB10-1B7B-4CD3-BA75-979D533AAACB}
	EndGlobalSection
EndGlobal
